// !$*UTF8*$!
{
	archiveVersion = 1;
	classes = {
	};
	objectVersion = 56;
	objects = {

/* Begin PBXBuildFile section */
		A42E127D2ABF8F5D00A81B72 /* FriendFace.xcdatamodeld in Sources */ = {isa = PBXBuildFile; fileRef = A42E127B2ABF8F5D00A81B72 /* FriendFace.xcdatamodeld */; };
		A42E129C2ABF910F00A81B72 /* CachedTag+CoreDataClass.swift in Sources */ = {isa = PBXBuildFile; fileRef = A42E12962ABF910F00A81B72 /* CachedTag+CoreDataClass.swift */; };
		A42E129D2ABF910F00A81B72 /* CachedTag+CoreDataProperties.swift in Sources */ = {isa = PBXBuildFile; fileRef = A42E12972ABF910F00A81B72 /* CachedTag+CoreDataProperties.swift */; };
		A42E129E2ABF910F00A81B72 /* CachedUser+CoreDataClass.swift in Sources */ = {isa = PBXBuildFile; fileRef = A42E12982ABF910F00A81B72 /* CachedUser+CoreDataClass.swift */; };
		A42E129F2ABF910F00A81B72 /* CachedUser+CoreDataProperties.swift in Sources */ = {isa = PBXBuildFile; fileRef = A42E12992ABF910F00A81B72 /* CachedUser+CoreDataProperties.swift */; };
		A42E12A02ABF910F00A81B72 /* CachedFriend+CoreDataClass.swift in Sources */ = {isa = PBXBuildFile; fileRef = A42E129A2ABF910F00A81B72 /* CachedFriend+CoreDataClass.swift */; };
		A42E12A12ABF910F00A81B72 /* CachedFriend+CoreDataProperties.swift in Sources */ = {isa = PBXBuildFile; fileRef = A42E129B2ABF910F00A81B72 /* CachedFriend+CoreDataProperties.swift */; };
		A4748BC02ABE7E5F003D2753 /* UserDetailView.swift in Sources */ = {isa = PBXBuildFile; fileRef = A4748BBF2ABE7E5F003D2753 /* UserDetailView.swift */; };
		A4C069152AB93EB100D2951D /* FriendFaceApp.swift in Sources */ = {isa = PBXBuildFile; fileRef = A4C069142AB93EB100D2951D /* FriendFaceApp.swift */; };
		A4C069172AB93EB100D2951D /* ContentView.swift in Sources */ = {isa = PBXBuildFile; fileRef = A4C069162AB93EB100D2951D /* ContentView.swift */; };
		A4C069192AB93EB200D2951D /* Assets.xcassets in Resources */ = {isa = PBXBuildFile; fileRef = A4C069182AB93EB200D2951D /* Assets.xcassets */; };
		A4C0691C2AB93EB200D2951D /* Preview Assets.xcassets in Resources */ = {isa = PBXBuildFile; fileRef = A4C0691B2AB93EB200D2951D /* Preview Assets.xcassets */; };
		A4C069232AB9441D00D2951D /* User.swift in Sources */ = {isa = PBXBuildFile; fileRef = A4C069222AB9441D00D2951D /* User.swift */; };
		A4C069252AB9442400D2951D /* Friend.swift in Sources */ = {isa = PBXBuildFile; fileRef = A4C069242AB9442400D2951D /* Friend.swift */; };
/* End PBXBuildFile section */

/* Begin PBXFileReference section */
		A42E127C2ABF8F5D00A81B72 /* FriendFace.xcdatamodel */ = {isa = PBXFileReference; lastKnownFileType = wrapper.xcdatamodel; path = FriendFace.xcdatamodel; sourceTree = "<group>"; };
		A42E12962ABF910F00A81B72 /* CachedTag+CoreDataClass.swift */ = {isa = PBXFileReference; lastKnownFileType = sourcecode.swift; path = "CachedTag+CoreDataClass.swift"; sourceTree = "<group>"; };
		A42E12972ABF910F00A81B72 /* CachedTag+CoreDataProperties.swift */ = {isa = PBXFileReference; lastKnownFileType = sourcecode.swift; path = "CachedTag+CoreDataProperties.swift"; sourceTree = "<group>"; };
		A42E12982ABF910F00A81B72 /* CachedUser+CoreDataClass.swift */ = {isa = PBXFileReference; lastKnownFileType = sourcecode.swift; path = "CachedUser+CoreDataClass.swift"; sourceTree = "<group>"; };
		A42E12992ABF910F00A81B72 /* CachedUser+CoreDataProperties.swift */ = {isa = PBXFileReference; lastKnownFileType = sourcecode.swift; path = "CachedUser+CoreDataProperties.swift"; sourceTree = "<group>"; };
		A42E129A2ABF910F00A81B72 /* CachedFriend+CoreDataClass.swift */ = {isa = PBXFileReference; lastKnownFileType = sourcecode.swift; path = "CachedFriend+CoreDataClass.swift"; sourceTree = "<group>"; };
		A42E129B2ABF910F00A81B72 /* CachedFriend+CoreDataProperties.swift */ = {isa = PBXFileReference; lastKnownFileType = sourcecode.swift; path = "CachedFriend+CoreDataProperties.swift"; sourceTree = "<group>"; };
		A4748BBF2ABE7E5F003D2753 /* UserDetailView.swift */ = {isa = PBXFileReference; lastKnownFileType = sourcecode.swift; path = UserDetailView.swift; sourceTree = "<group>"; };
		A4C069112AB93EB100D2951D /* FriendFace.app */ = {isa = PBXFileReference; explicitFileType = wrapper.application; includeInIndex = 0; path = FriendFace.app; sourceTree = BUILT_PRODUCTS_DIR; };
		A4C069142AB93EB100D2951D /* FriendFaceApp.swift */ = {isa = PBXFileReference; lastKnownFileType = sourcecode.swift; path = FriendFaceApp.swift; sourceTree = "<group>"; };
		A4C069162AB93EB100D2951D /* ContentView.swift */ = {isa = PBXFileReference; lastKnownFileType = sourcecode.swift; path = ContentView.swift; sourceTree = "<group>"; };
		A4C069182AB93EB200D2951D /* Assets.xcassets */ = {isa = PBXFileReference; lastKnownFileType = folder.assetcatalog; path = Assets.xcassets; sourceTree = "<group>"; };
		A4C0691B2AB93EB200D2951D /* Preview Assets.xcassets */ = {isa = PBXFileReference; lastKnownFileType = folder.assetcatalog; path = "Preview Assets.xcassets"; sourceTree = "<group>"; };
		A4C069222AB9441D00D2951D /* User.swift */ = {isa = PBXFileReference; lastKnownFileType = sourcecode.swift; path = User.swift; sourceTree = "<group>"; };
		A4C069242AB9442400D2951D /* Friend.swift */ = {isa = PBXFileReference; lastKnownFileType = sourcecode.swift; path = Friend.swift; sourceTree = "<group>"; };
/* End PBXFileReference section */

/* Begin PBXFrameworksBuildPhase section */
		A4C0690E2AB93EB100D2951D /* Frameworks */ = {
			isa = PBXFrameworksBuildPhase;
			buildActionMask = 2147483647;
			files = (
			);
			runOnlyForDeploymentPostprocessing = 0;
		};
/* End PBXFrameworksBuildPhase section */

/* Begin PBXGroup section */
		A4C069082AB93EB100D2951D = {
			isa = PBXGroup;
			children = (
				A4C069132AB93EB100D2951D /* FriendFace */,
				A4C069122AB93EB100D2951D /* Products */,
			);
			sourceTree = "<group>";
		};
		A4C069122AB93EB100D2951D /* Products */ = {
			isa = PBXGroup;
			children = (
				A4C069112AB93EB100D2951D /* FriendFace.app */,
			);
			name = Products;
			sourceTree = "<group>";
		};
		A4C069132AB93EB100D2951D /* FriendFace */ = {
			isa = PBXGroup;
			children = (
				A42E12962ABF910F00A81B72 /* CachedTag+CoreDataClass.swift */,
				A42E12972ABF910F00A81B72 /* CachedTag+CoreDataProperties.swift */,
				A42E12982ABF910F00A81B72 /* CachedUser+CoreDataClass.swift */,
				A42E12992ABF910F00A81B72 /* CachedUser+CoreDataProperties.swift */,
				A42E129A2ABF910F00A81B72 /* CachedFriend+CoreDataClass.swift */,
				A42E129B2ABF910F00A81B72 /* CachedFriend+CoreDataProperties.swift */,
				A4C069142AB93EB100D2951D /* FriendFaceApp.swift */,
				A4C069162AB93EB100D2951D /* ContentView.swift */,
				A4748BBF2ABE7E5F003D2753 /* UserDetailView.swift */,
				A4C069182AB93EB200D2951D /* Assets.xcassets */,
				A4C0691A2AB93EB200D2951D /* Preview Content */,
				A4C069222AB9441D00D2951D /* User.swift */,
				A4C069242AB9442400D2951D /* Friend.swift */,
				A42E127B2ABF8F5D00A81B72 /* FriendFace.xcdatamodeld */,
			);
			path = FriendFace;
			sourceTree = "<group>";
		};
		A4C0691A2AB93EB200D2951D /* Preview Content */ = {
			isa = PBXGroup;
			children = (
				A4C0691B2AB93EB200D2951D /* Preview Assets.xcassets */,
			);
			path = "Preview Content";
			sourceTree = "<group>";
		};
/* End PBXGroup section */

/* Begin PBXNativeTarget section */
		A4C069102AB93EB100D2951D /* FriendFace */ = {
			isa = PBXNativeTarget;
			buildConfigurationList = A4C0691F2AB93EB200D2951D /* Build configuration list for PBXNativeTarget "FriendFace" */;
			buildPhases = (
				A4C0690D2AB93EB100D2951D /* Sources */,
				A4C0690E2AB93EB100D2951D /* Frameworks */,
				A4C0690F2AB93EB100D2951D /* Resources */,
			);
			buildRules = (
			);
			dependencies = (
			);
			name = FriendFace;
			productName = FriendFace;
			productReference = A4C069112AB93EB100D2951D /* FriendFace.app */;
			productType = "com.apple.product-type.application";
		};
/* End PBXNativeTarget section */

/* Begin PBXProject section */
		A4C069092AB93EB100D2951D /* Project object */ = {
			isa = PBXProject;
			attributes = {
				BuildIndependentTargetsInParallel = 1;
				LastSwiftUpdateCheck = 1500;
				LastUpgradeCheck = 1500;
				TargetAttributes = {
					A4C069102AB93EB100D2951D = {
						CreatedOnToolsVersion = 15.0;
					};
				};
			};
			buildConfigurationList = A4C0690C2AB93EB100D2951D /* Build configuration list for PBXProject "FriendFace" */;
			compatibilityVersion = "Xcode 14.0";
			developmentRegion = en;
			hasScannedForEncodings = 0;
			knownRegions = (
				en,
				Base,
			);
			mainGroup = A4C069082AB93EB100D2951D;
			productRefGroup = A4C069122AB93EB100D2951D /* Products */;
			projectDirPath = "";
			projectRoot = "";
			targets = (
				A4C069102AB93EB100D2951D /* FriendFace */,
			);
		};
/* End PBXProject section */

/* Begin PBXResourcesBuildPhase section */
		A4C0690F2AB93EB100D2951D /* Resources */ = {
			isa = PBXResourcesBuildPhase;
			buildActionMask = 2147483647;
			files = (
				A4C0691C2AB93EB200D2951D /* Preview Assets.xcassets in Resources */,
				A4C069192AB93EB200D2951D /* Assets.xcassets in Resources */,
			);
			runOnlyForDeploymentPostprocessing = 0;
		};
/* End PBXResourcesBuildPhase section */

/* Begin PBXSourcesBuildPhase section */
		A4C0690D2AB93EB100D2951D /* Sources */ = {
			isa = PBXSourcesBuildPhase;
			buildActionMask = 2147483647;
			files = (
				A42E127D2ABF8F5D00A81B72 /* FriendFace.xcdatamodeld in Sources */,
				A4C069172AB93EB100D2951D /* ContentView.swift in Sources */,
				A42E129F2ABF910F00A81B72 /* CachedUser+CoreDataProperties.swift in Sources */,
				A4C069152AB93EB100D2951D /* FriendFaceApp.swift in Sources */,
				A42E129C2ABF910F00A81B72 /* CachedTag+CoreDataClass.swift in Sources */,
				A42E129E2ABF910F00A81B72 /* CachedUser+CoreDataClass.swift in Sources */,
				A42E129D2ABF910F00A81B72 /* CachedTag+CoreDataProperties.swift in Sources */,
				A42E12A12ABF910F00A81B72 /* CachedFriend+CoreDataProperties.swift in Sources */,
				A4C069232AB9441D00D2951D /* User.swift in Sources */,
				A42E12A02ABF910F00A81B72 /* CachedFriend+CoreDataClass.swift in Sources */,
				A4748BC02ABE7E5F003D2753 /* UserDetailView.swift in Sources */,
				A4C069252AB9442400D2951D /* Friend.swift in Sources */,
			);
			runOnlyForDeploymentPostprocessing = 0;
		};
/* End PBXSourcesBuildPhase section */

/* Begin XCBuildConfiguration section */
		A4C0691D2AB93EB200D2951D /* Debug */ = {
			isa = XCBuildConfiguration;
			buildSettings = {
				ALWAYS_SEARCH_USER_PATHS = NO;
				ASSETCATALOG_COMPILER_GENERATE_SWIFT_ASSET_SYMBOL_EXTENSIONS = YES;
				CLANG_ANALYZER_NONNULL = YES;
				CLANG_ANALYZER_NUMBER_OBJECT_CONVERSION = YES_AGGRESSIVE;
				CLANG_CXX_LANGUAGE_STANDARD = "gnu++20";
				CLANG_ENABLE_MODULES = YES;
				CLANG_ENABLE_OBJC_ARC = YES;
				CLANG_ENABLE_OBJC_WEAK = YES;
				CLANG_WARN_BLOCK_CAPTURE_AUTORELEASING = YES;
				CLANG_WARN_BOOL_CONVERSION = YES;
				CLANG_WARN_COMMA = YES;
				CLANG_WARN_CONSTANT_CONVERSION = YES;
				CLANG_WARN_DEPRECATED_OBJC_IMPLEMENTATIONS = YES;
				CLANG_WARN_DIRECT_OBJC_ISA_USAGE = YES_ERROR;
				CLANG_WARN_DOCUMENTATION_COMMENTS = YES;
				CLANG_WARN_EMPTY_BODY = YES;
				CLANG_WARN_ENUM_CONVERSION = YES;
				CLANG_WARN_INFINITE_RECURSION = YES;
				CLANG_WARN_INT_CONVERSION = YES;
				CLANG_WARN_NON_LITERAL_NULL_CONVERSION = YES;
				CLANG_WARN_OBJC_IMPLICIT_RETAIN_SELF = YES;
				CLANG_WARN_OBJC_LITERAL_CONVERSION = YES;
				CLANG_WARN_OBJC_ROOT_CLASS = YES_ERROR;
				CLANG_WARN_QUOTED_INCLUDE_IN_FRAMEWORK_HEADER = YES;
				CLANG_WARN_RANGE_LOOP_ANALYSIS = YES;
				CLANG_WARN_STRICT_PROTOTYPES = YES;
				CLANG_WARN_SUSPICIOUS_MOVE = YES;
				CLANG_WARN_UNGUARDED_AVAILABILITY = YES_AGGRESSIVE;
				CLANG_WARN_UNREACHABLE_CODE = YES;
				CLANG_WARN__DUPLICATE_METHOD_MATCH = YES;
				COPY_PHASE_STRIP = NO;
				DEBUG_INFORMATION_FORMAT = dwarf;
				ENABLE_STRICT_OBJC_MSGSEND = YES;
				ENABLE_TESTABILITY = YES;
				ENABLE_USER_SCRIPT_SANDBOXING = YES;
				GCC_C_LANGUAGE_STANDARD = gnu17;
				GCC_DYNAMIC_NO_PIC = NO;
				GCC_NO_COMMON_BLOCKS = YES;
				GCC_OPTIMIZATION_LEVEL = 0;
				GCC_PREPROCESSOR_DEFINITIONS = (
					"DEBUG=1",
					"$(inherited)",
				);
				GCC_WARN_64_TO_32_BIT_CONVERSION = YES;
				GCC_WARN_ABOUT_RETURN_TYPE = YES_ERROR;
				GCC_WARN_UNDECLARED_SELECTOR = YES;
				GCC_WARN_UNINITIALIZED_AUTOS = YES_AGGRESSIVE;
				GCC_WARN_UNUSED_FUNCTION = YES;
				GCC_WARN_UNUSED_VARIABLE = YES;
				IPHONEOS_DEPLOYMENT_TARGET = 17.0;
				LOCALIZATION_PREFERS_STRING_CATALOGS = YES;
				MTL_ENABLE_DEBUG_INFO = INCLUDE_SOURCE;
				MTL_FAST_MATH = YES;
				ONLY_ACTIVE_ARCH = YES;
				SDKROOT = iphoneos;
				SWIFT_ACTIVE_COMPILATION_CONDITIONS = "DEBUG $(inherited)";
				SWIFT_OPTIMIZATION_LEVEL = "-Onone";
			};
			name = Debug;
		};
		A4C0691E2AB93EB200D2951D /* Release */ = {
			isa = XCBuildConfiguration;
			buildSettings = {
				ALWAYS_SEARCH_USER_PATHS = NO;
				ASSETCATALOG_COMPILER_GENERATE_SWIFT_ASSET_SYMBOL_EXTENSIONS = YES;
				CLANG_ANALYZER_NONNULL = YES;
				CLANG_ANALYZER_NUMBER_OBJECT_CONVERSION = YES_AGGRESSIVE;
				CLANG_CXX_LANGUAGE_STANDARD = "gnu++20";
				CLANG_ENABLE_MODULES = YES;
				CLANG_ENABLE_OBJC_ARC = YES;
				CLANG_ENABLE_OBJC_WEAK = YES;
				CLANG_WARN_BLOCK_CAPTURE_AUTORELEASING = YES;
				CLANG_WARN_BOOL_CONVERSION = YES;
				CLANG_WARN_COMMA = YES;
				CLANG_WARN_CONSTANT_CONVERSION = YES;
				CLANG_WARN_DEPRECATED_OBJC_IMPLEMENTATIONS = YES;
				CLANG_WARN_DIRECT_OBJC_ISA_USAGE = YES_ERROR;
				CLANG_WARN_DOCUMENTATION_COMMENTS = YES;
				CLANG_WARN_EMPTY_BODY = YES;
				CLANG_WARN_ENUM_CONVERSION = YES;
				CLANG_WARN_INFINITE_RECURSION = YES;
				CLANG_WARN_INT_CONVERSION = YES;
				CLANG_WARN_NON_LITERAL_NULL_CONVERSION = YES;
				CLANG_WARN_OBJC_IMPLICIT_RETAIN_SELF = YES;
				CLANG_WARN_OBJC_LITERAL_CONVERSION = YES;
				CLANG_WARN_OBJC_ROOT_CLASS = YES_ERROR;
				CLANG_WARN_QUOTED_INCLUDE_IN_FRAMEWORK_HEADER = YES;
				CLANG_WARN_RANGE_LOOP_ANALYSIS = YES;
				CLANG_WARN_STRICT_PROTOTYPES = YES;
				CLANG_WARN_SUSPICIOUS_MOVE = YES;
				CLANG_WARN_UNGUARDED_AVAILABILITY = YES_AGGRESSIVE;
				CLANG_WARN_UNREACHABLE_CODE = YES;
				CLANG_WARN__DUPLICATE_METHOD_MATCH = YES;
				COPY_PHASE_STRIP = NO;
				DEBUG_INFORMATION_FORMAT = "dwarf-with-dsym";
				ENABLE_NS_ASSERTIONS = NO;
				ENABLE_STRICT_OBJC_MSGSEND = YES;
				ENABLE_USER_SCRIPT_SANDBOXING = YES;
				GCC_C_LANGUAGE_STANDARD = gnu17;
				GCC_NO_COMMON_BLOCKS = YES;
				GCC_WARN_64_TO_32_BIT_CONVERSION = YES;
				GCC_WARN_ABOUT_RETURN_TYPE = YES_ERROR;
				GCC_WARN_UNDECLARED_SELECTOR = YES;
				GCC_WARN_UNINITIALIZED_AUTOS = YES_AGGRESSIVE;
				GCC_WARN_UNUSED_FUNCTION = YES;
				GCC_WARN_UNUSED_VARIABLE = YES;
				IPHONEOS_DEPLOYMENT_TARGET = 17.0;
				LOCALIZATION_PREFERS_STRING_CATALOGS = YES;
				MTL_ENABLE_DEBUG_INFO = NO;
				MTL_FAST_MATH = YES;
				SDKROOT = iphoneos;
				SWIFT_COMPILATION_MODE = wholemodule;
				VALIDATE_PRODUCT = YES;
			};
			name = Release;
		};
		A4C069202AB93EB200D2951D /* Debug */ = {
			isa = XCBuildConfiguration;
			buildSettings = {
				ASSETCATALOG_COMPILER_APPICON_NAME = AppIcon;
				ASSETCATALOG_COMPILER_GLOBAL_ACCENT_COLOR_NAME = AccentColor;
				CODE_SIGN_STYLE = Automatic;
				CURRENT_PROJECT_VERSION = 1;
				DEVELOPMENT_ASSET_PATHS = "\"FriendFace/Preview Content\"";
				ENABLE_PREVIEWS = YES;
				GENERATE_INFOPLIST_FILE = YES;
				INFOPLIST_KEY_UIApplicationSceneManifest_Generation = YES;
				INFOPLIST_KEY_UIApplicationSupportsIndirectInputEvents = YES;
				INFOPLIST_KEY_UILaunchScreen_Generation = YES;
				INFOPLIST_KEY_UISupportedInterfaceOrientations_iPad = "UIInterfaceOrientationPortrait UIInterfaceOrientationPortraitUpsideDown UIInterfaceOrientationLandscapeLeft UIInterfaceOrientationLandscapeRight";
				INFOPLIST_KEY_UISupportedInterfaceOrientations_iPhone = "UIInterfaceOrientationPortrait UIInterfaceOrientationLandscapeLeft UIInterfaceOrientationLandscapeRight";
				LD_RUNPATH_SEARCH_PATHS = (
					"$(inherited)",
					"@executable_path/Frameworks",
				);
				MARKETING_VERSION = 1.0;
				PRODUCT_BUNDLE_IDENTIFIER = com.tylermilner.FriendFace;
				PRODUCT_NAME = "$(TARGET_NAME)";
				SWIFT_EMIT_LOC_STRINGS = YES;
				SWIFT_VERSION = 5.0;
				TARGETED_DEVICE_FAMILY = "1,2";
			};
			name = Debug;
		};
		A4C069212AB93EB200D2951D /* Release */ = {
			isa = XCBuildConfiguration;
			buildSettings = {
				ASSETCATALOG_COMPILER_APPICON_NAME = AppIcon;
				ASSETCATALOG_COMPILER_GLOBAL_ACCENT_COLOR_NAME = AccentColor;
				CODE_SIGN_STYLE = Automatic;
				CURRENT_PROJECT_VERSION = 1;
				DEVELOPMENT_ASSET_PATHS = "\"FriendFace/Preview Content\"";
				ENABLE_PREVIEWS = YES;
				GENERATE_INFOPLIST_FILE = YES;
				INFOPLIST_KEY_UIApplicationSceneManifest_Generation = YES;
				INFOPLIST_KEY_UIApplicationSupportsIndirectInputEvents = YES;
				INFOPLIST_KEY_UILaunchScreen_Generation = YES;
				INFOPLIST_KEY_UISupportedInterfaceOrientations_iPad = "UIInterfaceOrientationPortrait UIInterfaceOrientationPortraitUpsideDown UIInterfaceOrientationLandscapeLeft UIInterfaceOrientationLandscapeRight";
				INFOPLIST_KEY_UISupportedInterfaceOrientations_iPhone = "UIInterfaceOrientationPortrait UIInterfaceOrientationLandscapeLeft UIInterfaceOrientationLandscapeRight";
				LD_RUNPATH_SEARCH_PATHS = (
					"$(inherited)",
					"@executable_path/Frameworks",
				);
				MARKETING_VERSION = 1.0;
				PRODUCT_BUNDLE_IDENTIFIER = com.tylermilner.FriendFace;
				PRODUCT_NAME = "$(TARGET_NAME)";
				SWIFT_EMIT_LOC_STRINGS = YES;
				SWIFT_VERSION = 5.0;
				TARGETED_DEVICE_FAMILY = "1,2";
			};
			name = Release;
		};
/* End XCBuildConfiguration section */

/* Begin XCConfigurationList section */
		A4C0690C2AB93EB100D2951D /* Build configuration list for PBXProject "FriendFace" */ = {
			isa = XCConfigurationList;
			buildConfigurations = (
				A4C0691D2AB93EB200D2951D /* Debug */,
				A4C0691E2AB93EB200D2951D /* Release */,
			);
			defaultConfigurationIsVisible = 0;
			defaultConfigurationName = Release;
		};
		A4C0691F2AB93EB200D2951D /* Build configuration list for PBXNativeTarget "FriendFace" */ = {
			isa = XCConfigurationList;
			buildConfigurations = (
				A4C069202AB93EB200D2951D /* Debug */,
				A4C069212AB93EB200D2951D /* Release */,
			);
			defaultConfigurationIsVisible = 0;
			defaultConfigurationName = Release;
		};
/* End XCConfigurationList section */

/* Begin XCVersionGroup section */
		A42E127B2ABF8F5D00A81B72 /* FriendFace.xcdatamodeld */ = {
			isa = XCVersionGroup;
			children = (
				A42E127C2ABF8F5D00A81B72 /* FriendFace.xcdatamodel */,
			);
			currentVersion = A42E127C2ABF8F5D00A81B72 /* FriendFace.xcdatamodel */;
			path = FriendFace.xcdatamodeld;
			sourceTree = "<group>";
			versionGroupType = wrapper.xcdatamodel;
		};
/* End XCVersionGroup section */
	};
	rootObject = A4C069092AB93EB100D2951D /* Project object */;
}
